<?xml version="1.0" encoding="utf-8"?>
<Project ToolsVersion="15.0" xmlns="http://schemas.microsoft.com/developer/msbuild/2003">
  <ItemGroup>
    <CustomBuild Include="E:\training\TCCampDemo\Server\3rd\src\libuv-1.x\vsproject\CMakeFiles\4d0a0b6cd2b9cd38ab2d84fc72ca2732\Continuous.rule">
      <Filter>CMake Rules</Filter>
    </CustomBuild>
    <CustomBuild Include="E:\training\TCCampDemo\Server\3rd\src\libuv-1.x\CMakeLists.txt" />
  </ItemGroup>
  <ItemGroup>
    <None Include="E:\training\TCCampDemo\Server\3rd\src\libuv-1.x\vsproject\CMakeFiles\Continuous" />
  </ItemGroup>
  <ItemGroup>
    <Filter Include="CMake Rules">
      <UniqueIdentifier>{7AD02065-9A5A-3F49-BAC1-1881ED378616}</UniqueIdentifier>
    </Filter>
  </ItemGroup>
</Project>
