Microsoft Visual Studio Solution File, Format Version 12.00
# Visual Studio 15
Project("{8BC9CEB8-8B4A-11D0-8D11-00A0C91BC942}") = "ALL_BUILD", "ALL_BUILD.vcxproj", "{B2087105-92D5-3CE0-9AC8-273042BE73C3}"
	ProjectSection(ProjectDependencies) = postProject
		{8E9F956C-BD8C-325A-9C4D-E83DF0FC8079} = {8E9F956C-BD8C-325A-9C4D-E83DF0FC8079}
		{20641B4A-BFE2-3CD5-8348-8F3857613B52} = {20641B4A-BFE2-3CD5-8348-8F3857613B52}
		{013A9DDC-D11F-3F88-ACC1-7EDAC3701DC6} = {013A9DDC-D11F-3F88-ACC1-7EDAC3701DC6}
		{6736CE25-B4F8-31E1-A81E-A1BEA0B77683} = {6736CE25-B4F8-31E1-A81E-A1BEA0B77683}
		{F977B62D-2312-38C2-AFCD-17EE35C8A31C} = {F977B62D-2312-38C2-AFCD-17EE35C8A31C}
		{90908AC7-DFBD-3726-8FF5-44DF64038125} = {90908AC7-DFBD-3726-8FF5-44DF64038125}
	EndProjectSection
EndProject
Project("{8BC9CEB8-8B4A-11D0-8D11-00A0C91BC942}") = "Continuous", "Continuous.vcxproj", "{A074CA6D-2C7D-3836-8124-1BB92DA4EEFE}"
	ProjectSection(ProjectDependencies) = postProject
		{8E9F956C-BD8C-325A-9C4D-E83DF0FC8079} = {8E9F956C-BD8C-325A-9C4D-E83DF0FC8079}
	EndProjectSection
EndProject
Project("{8BC9CEB8-8B4A-11D0-8D11-00A0C91BC942}") = "Experimental", "Experimental.vcxproj", "{D3FBDE81-E644-3A6F-81DA-A0661B902310}"
	ProjectSection(ProjectDependencies) = postProject
		{8E9F956C-BD8C-325A-9C4D-E83DF0FC8079} = {8E9F956C-BD8C-325A-9C4D-E83DF0FC8079}
	EndProjectSection
EndProject
Project("{8BC9CEB8-8B4A-11D0-8D11-00A0C91BC942}") = "INSTALL", "INSTALL.vcxproj", "{914416CC-E6D6-3C8F-9661-13DE82777A30}"
	ProjectSection(ProjectDependencies) = postProject
		{B2087105-92D5-3CE0-9AC8-273042BE73C3} = {B2087105-92D5-3CE0-9AC8-273042BE73C3}
		{8E9F956C-BD8C-325A-9C4D-E83DF0FC8079} = {8E9F956C-BD8C-325A-9C4D-E83DF0FC8079}
	EndProjectSection
EndProject
Project("{8BC9CEB8-8B4A-11D0-8D11-00A0C91BC942}") = "Nightly", "Nightly.vcxproj", "{0C423A6D-7F5A-30CF-A40A-2B266E0B53EB}"
	ProjectSection(ProjectDependencies) = postProject
		{8E9F956C-BD8C-325A-9C4D-E83DF0FC8079} = {8E9F956C-BD8C-325A-9C4D-E83DF0FC8079}
	EndProjectSection
EndProject
Project("{8BC9CEB8-8B4A-11D0-8D11-00A0C91BC942}") = "NightlyMemoryCheck", "NightlyMemoryCheck.vcxproj", "{7B988875-B1BB-3F8A-AC4A-B139C70DA183}"
	ProjectSection(ProjectDependencies) = postProject
		{8E9F956C-BD8C-325A-9C4D-E83DF0FC8079} = {8E9F956C-BD8C-325A-9C4D-E83DF0FC8079}
	EndProjectSection
EndProject
Project("{8BC9CEB8-8B4A-11D0-8D11-00A0C91BC942}") = "RUN_TESTS", "RUN_TESTS.vcxproj", "{5E8E2436-9C24-3C6E-86A5-BD4B78A44163}"
	ProjectSection(ProjectDependencies) = postProject
		{8E9F956C-BD8C-325A-9C4D-E83DF0FC8079} = {8E9F956C-BD8C-325A-9C4D-E83DF0FC8079}
	EndProjectSection
EndProject
Project("{8BC9CEB8-8B4A-11D0-8D11-00A0C91BC942}") = "ZERO_CHECK", "ZERO_CHECK.vcxproj", "{8E9F956C-BD8C-325A-9C4D-E83DF0FC8079}"
	ProjectSection(ProjectDependencies) = postProject
	EndProjectSection
EndProject
Project("{8BC9CEB8-8B4A-11D0-8D11-00A0C91BC942}") = "uv", "uv.vcxproj", "{20641B4A-BFE2-3CD5-8348-8F3857613B52}"
	ProjectSection(ProjectDependencies) = postProject
		{8E9F956C-BD8C-325A-9C4D-E83DF0FC8079} = {8E9F956C-BD8C-325A-9C4D-E83DF0FC8079}
	EndProjectSection
EndProject
Project("{8BC9CEB8-8B4A-11D0-8D11-00A0C91BC942}") = "uv_a", "uv_a.vcxproj", "{013A9DDC-D11F-3F88-ACC1-7EDAC3701DC6}"
	ProjectSection(ProjectDependencies) = postProject
		{8E9F956C-BD8C-325A-9C4D-E83DF0FC8079} = {8E9F956C-BD8C-325A-9C4D-E83DF0FC8079}
	EndProjectSection
EndProject
Project("{8BC9CEB8-8B4A-11D0-8D11-00A0C91BC942}") = "uv_run_benchmarks_a", "uv_run_benchmarks_a.vcxproj", "{6736CE25-B4F8-31E1-A81E-A1BEA0B77683}"
	ProjectSection(ProjectDependencies) = postProject
		{8E9F956C-BD8C-325A-9C4D-E83DF0FC8079} = {8E9F956C-BD8C-325A-9C4D-E83DF0FC8079}
		{013A9DDC-D11F-3F88-ACC1-7EDAC3701DC6} = {013A9DDC-D11F-3F88-ACC1-7EDAC3701DC6}
	EndProjectSection
EndProject
Project("{8BC9CEB8-8B4A-11D0-8D11-00A0C91BC942}") = "uv_run_tests", "uv_run_tests.vcxproj", "{F977B62D-2312-38C2-AFCD-17EE35C8A31C}"
	ProjectSection(ProjectDependencies) = postProject
		{8E9F956C-BD8C-325A-9C4D-E83DF0FC8079} = {8E9F956C-BD8C-325A-9C4D-E83DF0FC8079}
		{20641B4A-BFE2-3CD5-8348-8F3857613B52} = {20641B4A-BFE2-3CD5-8348-8F3857613B52}
	EndProjectSection
EndProject
Project("{8BC9CEB8-8B4A-11D0-8D11-00A0C91BC942}") = "uv_run_tests_a", "uv_run_tests_a.vcxproj", "{90908AC7-DFBD-3726-8FF5-44DF64038125}"
	ProjectSection(ProjectDependencies) = postProject
		{8E9F956C-BD8C-325A-9C4D-E83DF0FC8079} = {8E9F956C-BD8C-325A-9C4D-E83DF0FC8079}
		{013A9DDC-D11F-3F88-ACC1-7EDAC3701DC6} = {013A9DDC-D11F-3F88-ACC1-7EDAC3701DC6}
	EndProjectSection
EndProject
Global
	GlobalSection(SolutionConfigurationPlatforms) = preSolution
		Debug|x64 = Debug|x64
		Release|x64 = Release|x64
		MinSizeRel|x64 = MinSizeRel|x64
		RelWithDebInfo|x64 = RelWithDebInfo|x64
	EndGlobalSection
	GlobalSection(ProjectConfigurationPlatforms) = postSolution
		{B2087105-92D5-3CE0-9AC8-273042BE73C3}.Debug|x64.ActiveCfg = Debug|x64
		{B2087105-92D5-3CE0-9AC8-273042BE73C3}.Debug|x64.Build.0 = Debug|x64
		{B2087105-92D5-3CE0-9AC8-273042BE73C3}.Release|x64.ActiveCfg = Release|x64
		{B2087105-92D5-3CE0-9AC8-273042BE73C3}.Release|x64.Build.0 = Release|x64
		{B2087105-92D5-3CE0-9AC8-273042BE73C3}.MinSizeRel|x64.ActiveCfg = MinSizeRel|x64
		{B2087105-92D5-3CE0-9AC8-273042BE73C3}.MinSizeRel|x64.Build.0 = MinSizeRel|x64
		{B2087105-92D5-3CE0-9AC8-273042BE73C3}.RelWithDebInfo|x64.ActiveCfg = RelWithDebInfo|x64
		{B2087105-92D5-3CE0-9AC8-273042BE73C3}.RelWithDebInfo|x64.Build.0 = RelWithDebInfo|x64
		{A074CA6D-2C7D-3836-8124-1BB92DA4EEFE}.Debug|x64.ActiveCfg = Debug|x64
		{A074CA6D-2C7D-3836-8124-1BB92DA4EEFE}.Release|x64.ActiveCfg = Release|x64
		{A074CA6D-2C7D-3836-8124-1BB92DA4EEFE}.MinSizeRel|x64.ActiveCfg = MinSizeRel|x64
		{A074CA6D-2C7D-3836-8124-1BB92DA4EEFE}.RelWithDebInfo|x64.ActiveCfg = RelWithDebInfo|x64
		{D3FBDE81-E644-3A6F-81DA-A0661B902310}.Debug|x64.ActiveCfg = Debug|x64
		{D3FBDE81-E644-3A6F-81DA-A0661B902310}.Release|x64.ActiveCfg = Release|x64
		{D3FBDE81-E644-3A6F-81DA-A0661B902310}.MinSizeRel|x64.ActiveCfg = MinSizeRel|x64
		{D3FBDE81-E644-3A6F-81DA-A0661B902310}.RelWithDebInfo|x64.ActiveCfg = RelWithDebInfo|x64
		{914416CC-E6D6-3C8F-9661-13DE82777A30}.Debug|x64.ActiveCfg = Debug|x64
		{914416CC-E6D6-3C8F-9661-13DE82777A30}.Release|x64.ActiveCfg = Release|x64
		{914416CC-E6D6-3C8F-9661-13DE82777A30}.MinSizeRel|x64.ActiveCfg = MinSizeRel|x64
		{914416CC-E6D6-3C8F-9661-13DE82777A30}.RelWithDebInfo|x64.ActiveCfg = RelWithDebInfo|x64
		{0C423A6D-7F5A-30CF-A40A-2B266E0B53EB}.Debug|x64.ActiveCfg = Debug|x64
		{0C423A6D-7F5A-30CF-A40A-2B266E0B53EB}.Release|x64.ActiveCfg = Release|x64
		{0C423A6D-7F5A-30CF-A40A-2B266E0B53EB}.MinSizeRel|x64.ActiveCfg = MinSizeRel|x64
		{0C423A6D-7F5A-30CF-A40A-2B266E0B53EB}.RelWithDebInfo|x64.ActiveCfg = RelWithDebInfo|x64
		{7B988875-B1BB-3F8A-AC4A-B139C70DA183}.Debug|x64.ActiveCfg = Debug|x64
		{7B988875-B1BB-3F8A-AC4A-B139C70DA183}.Release|x64.ActiveCfg = Release|x64
		{7B988875-B1BB-3F8A-AC4A-B139C70DA183}.MinSizeRel|x64.ActiveCfg = MinSizeRel|x64
		{7B988875-B1BB-3F8A-AC4A-B139C70DA183}.RelWithDebInfo|x64.ActiveCfg = RelWithDebInfo|x64
		{5E8E2436-9C24-3C6E-86A5-BD4B78A44163}.Debug|x64.ActiveCfg = Debug|x64
		{5E8E2436-9C24-3C6E-86A5-BD4B78A44163}.Release|x64.ActiveCfg = Release|x64
		{5E8E2436-9C24-3C6E-86A5-BD4B78A44163}.MinSizeRel|x64.ActiveCfg = MinSizeRel|x64
		{5E8E2436-9C24-3C6E-86A5-BD4B78A44163}.RelWithDebInfo|x64.ActiveCfg = RelWithDebInfo|x64
		{8E9F956C-BD8C-325A-9C4D-E83DF0FC8079}.Debug|x64.ActiveCfg = Debug|x64
		{8E9F956C-BD8C-325A-9C4D-E83DF0FC8079}.Debug|x64.Build.0 = Debug|x64
		{8E9F956C-BD8C-325A-9C4D-E83DF0FC8079}.Release|x64.ActiveCfg = Release|x64
		{8E9F956C-BD8C-325A-9C4D-E83DF0FC8079}.Release|x64.Build.0 = Release|x64
		{8E9F956C-BD8C-325A-9C4D-E83DF0FC8079}.MinSizeRel|x64.ActiveCfg = MinSizeRel|x64
		{8E9F956C-BD8C-325A-9C4D-E83DF0FC8079}.MinSizeRel|x64.Build.0 = MinSizeRel|x64
		{8E9F956C-BD8C-325A-9C4D-E83DF0FC8079}.RelWithDebInfo|x64.ActiveCfg = RelWithDebInfo|x64
		{8E9F956C-BD8C-325A-9C4D-E83DF0FC8079}.RelWithDebInfo|x64.Build.0 = RelWithDebInfo|x64
		{20641B4A-BFE2-3CD5-8348-8F3857613B52}.Debug|x64.ActiveCfg = Debug|x64
		{20641B4A-BFE2-3CD5-8348-8F3857613B52}.Debug|x64.Build.0 = Debug|x64
		{20641B4A-BFE2-3CD5-8348-8F3857613B52}.Release|x64.ActiveCfg = Release|x64
		{20641B4A-BFE2-3CD5-8348-8F3857613B52}.Release|x64.Build.0 = Release|x64
		{20641B4A-BFE2-3CD5-8348-8F3857613B52}.MinSizeRel|x64.ActiveCfg = MinSizeRel|x64
		{20641B4A-BFE2-3CD5-8348-8F3857613B52}.MinSizeRel|x64.Build.0 = MinSizeRel|x64
		{20641B4A-BFE2-3CD5-8348-8F3857613B52}.RelWithDebInfo|x64.ActiveCfg = RelWithDebInfo|x64
		{20641B4A-BFE2-3CD5-8348-8F3857613B52}.RelWithDebInfo|x64.Build.0 = RelWithDebInfo|x64
		{013A9DDC-D11F-3F88-ACC1-7EDAC3701DC6}.Debug|x64.ActiveCfg = Debug|x64
		{013A9DDC-D11F-3F88-ACC1-7EDAC3701DC6}.Debug|x64.Build.0 = Debug|x64
		{013A9DDC-D11F-3F88-ACC1-7EDAC3701DC6}.Release|x64.ActiveCfg = Release|x64
		{013A9DDC-D11F-3F88-ACC1-7EDAC3701DC6}.Release|x64.Build.0 = Release|x64
		{013A9DDC-D11F-3F88-ACC1-7EDAC3701DC6}.MinSizeRel|x64.ActiveCfg = MinSizeRel|x64
		{013A9DDC-D11F-3F88-ACC1-7EDAC3701DC6}.MinSizeRel|x64.Build.0 = MinSizeRel|x64
		{013A9DDC-D11F-3F88-ACC1-7EDAC3701DC6}.RelWithDebInfo|x64.ActiveCfg = RelWithDebInfo|x64
		{013A9DDC-D11F-3F88-ACC1-7EDAC3701DC6}.RelWithDebInfo|x64.Build.0 = RelWithDebInfo|x64
		{6736CE25-B4F8-31E1-A81E-A1BEA0B77683}.Debug|x64.ActiveCfg = Debug|x64
		{6736CE25-B4F8-31E1-A81E-A1BEA0B77683}.Debug|x64.Build.0 = Debug|x64
		{6736CE25-B4F8-31E1-A81E-A1BEA0B77683}.Release|x64.ActiveCfg = Release|x64
		{6736CE25-B4F8-31E1-A81E-A1BEA0B77683}.Release|x64.Build.0 = Release|x64
		{6736CE25-B4F8-31E1-A81E-A1BEA0B77683}.MinSizeRel|x64.ActiveCfg = MinSizeRel|x64
		{6736CE25-B4F8-31E1-A81E-A1BEA0B77683}.MinSizeRel|x64.Build.0 = MinSizeRel|x64
		{6736CE25-B4F8-31E1-A81E-A1BEA0B77683}.RelWithDebInfo|x64.ActiveCfg = RelWithDebInfo|x64
		{6736CE25-B4F8-31E1-A81E-A1BEA0B77683}.RelWithDebInfo|x64.Build.0 = RelWithDebInfo|x64
		{F977B62D-2312-38C2-AFCD-17EE35C8A31C}.Debug|x64.ActiveCfg = Debug|x64
		{F977B62D-2312-38C2-AFCD-17EE35C8A31C}.Debug|x64.Build.0 = Debug|x64
		{F977B62D-2312-38C2-AFCD-17EE35C8A31C}.Release|x64.ActiveCfg = Release|x64
		{F977B62D-2312-38C2-AFCD-17EE35C8A31C}.Release|x64.Build.0 = Release|x64
		{F977B62D-2312-38C2-AFCD-17EE35C8A31C}.MinSizeRel|x64.ActiveCfg = MinSizeRel|x64
		{F977B62D-2312-38C2-AFCD-17EE35C8A31C}.MinSizeRel|x64.Build.0 = MinSizeRel|x64
		{F977B62D-2312-38C2-AFCD-17EE35C8A31C}.RelWithDebInfo|x64.ActiveCfg = RelWithDebInfo|x64
		{F977B62D-2312-38C2-AFCD-17EE35C8A31C}.RelWithDebInfo|x64.Build.0 = RelWithDebInfo|x64
		{90908AC7-DFBD-3726-8FF5-44DF64038125}.Debug|x64.ActiveCfg = Debug|x64
		{90908AC7-DFBD-3726-8FF5-44DF64038125}.Debug|x64.Build.0 = Debug|x64
		{90908AC7-DFBD-3726-8FF5-44DF64038125}.Release|x64.ActiveCfg = Release|x64
		{90908AC7-DFBD-3726-8FF5-44DF64038125}.Release|x64.Build.0 = Release|x64
		{90908AC7-DFBD-3726-8FF5-44DF64038125}.MinSizeRel|x64.ActiveCfg = MinSizeRel|x64
		{90908AC7-DFBD-3726-8FF5-44DF64038125}.MinSizeRel|x64.Build.0 = MinSizeRel|x64
		{90908AC7-DFBD-3726-8FF5-44DF64038125}.RelWithDebInfo|x64.ActiveCfg = RelWithDebInfo|x64
		{90908AC7-DFBD-3726-8FF5-44DF64038125}.RelWithDebInfo|x64.Build.0 = RelWithDebInfo|x64
	EndGlobalSection
	GlobalSection(ExtensibilityGlobals) = postSolution
		SolutionGuid = {6D8D5160-F4EC-39EF-841F-DA086FEC077B}
	EndGlobalSection
	GlobalSection(ExtensibilityAddIns) = postSolution
	EndGlobalSection
EndGlobal
